// !$*UTF8*$!
{
	archiveVersion = 1;
	classes = {
	};
	objectVersion = 46;
	objects = {

/* Begin PBXBuildFile section */
		6F04E3C11A1CA53C00C6C08B /* main.m in Sources */ = {isa = PBXBuildFile; fileRef = 6F04E3C01A1CA53C00C6C08B /* main.m */; };
		6F04E3C41A1CA53C00C6C08B /* AppDelegate.m in Sources */ = {isa = PBXBuildFile; fileRef = 6F04E3C31A1CA53C00C6C08B /* AppDelegate.m */; };
		6F04E3C71A1CA53C00C6C08B /* ViewController.m in Sources */ = {isa = PBXBuildFile; fileRef = 6F04E3C61A1CA53C00C6C08B /* ViewController.m */; };
		6F04E3CA1A1CA53C00C6C08B /* Main.storyboard in Resources */ = {isa = PBXBuildFile; fileRef = 6F04E3C81A1CA53C00C6C08B /* Main.storyboard */; };
		6F04E3CC1A1CA53C00C6C08B /* Images.xcassets in Resources */ = {isa = PBXBuildFile; fileRef = 6F04E3CB1A1CA53C00C6C08B /* Images.xcassets */; };
		6F04E3CF1A1CA53C00C6C08B /* LaunchScreen.xib in Resources */ = {isa = PBXBuildFile; fileRef = 6F04E3CD1A1CA53C00C6C08B /* LaunchScreen.xib */; };
		6F04E3DB1A1CA53D00C6C08B /* BindingsHandsOnTests.m in Sources */ = {isa = PBXBuildFile; fileRef = 6F04E3DA1A1CA53D00C6C08B /* BindingsHandsOnTests.m */; };
/* End PBXBuildFile section */

/* Begin PBXContainerItemProxy section */
		6F04E3D51A1CA53C00C6C08B /* PBXContainerItemProxy */ = {
			isa = PBXContainerItemProxy;
			containerPortal = 6F04E3B31A1CA53C00C6C08B /* Project object */;
			proxyType = 1;
			remoteGlobalIDString = 6F04E3BA1A1CA53C00C6C08B;
			remoteInfo = BindingsHandsOn;
		};
/* End PBXContainerItemProxy section */

/* Begin PBXFileReference section */
		6F04E3BB1A1CA53C00C6C08B /* BindingsHandsOn.app */ = {isa = PBXFileReference; explicitFileType = wrapper.application; includeInIndex = 0; path = BindingsHandsOn.app; sourceTree = BUILT_PRODUCTS_DIR; };
		6F04E3BF1A1CA53C00C6C08B /* Info.plist */ = {isa = PBXFileReference; lastKnownFileType = text.plist.xml; path = Info.plist; sourceTree = "<group>"; };
		6F04E3C01A1CA53C00C6C08B /* main.m */ = {isa = PBXFileReference; lastKnownFileType = sourcecode.c.objc; path = main.m; sourceTree = "<group>"; };
		6F04E3C21A1CA53C00C6C08B /* AppDelegate.h */ = {isa = PBXFileReference; lastKnownFileType = sourcecode.c.h; path = AppDelegate.h; sourceTree = "<group>"; };
		6F04E3C31A1CA53C00C6C08B /* AppDelegate.m */ = {isa = PBXFileReference; lastKnownFileType = sourcecode.c.objc; path = AppDelegate.m; sourceTree = "<group>"; };
		6F04E3C51A1CA53C00C6C08B /* ViewController.h */ = {isa = PBXFileReference; lastKnownFileType = sourcecode.c.h; path = ViewController.h; sourceTree = "<group>"; };
		6F04E3C61A1CA53C00C6C08B /* ViewController.m */ = {isa = PBXFileReference; lastKnownFileType = sourcecode.c.objc; path = ViewController.m; sourceTree = "<group>"; };
		6F04E3C91A1CA53C00C6C08B /* Base */ = {isa = PBXFileReference; lastKnownFileType = file.storyboard; name = Base; path = Base.lproj/Main.storyboard; sourceTree = "<group>"; };
		6F04E3CB1A1CA53C00C6C08B /* Images.xcassets */ = {isa = PBXFileReference; lastKnownFileType = folder.assetcatalog; path = Images.xcassets; sourceTree = "<group>"; };
		6F04E3CE1A1CA53C00C6C08B /* Base */ = {isa = PBXFileReference; lastKnownFileType = file.xib; name = Base; path = Base.lproj/LaunchScreen.xib; sourceTree = "<group>"; };
		6F04E3D41A1CA53C00C6C08B /* BindingsHandsOnTests.xctest */ = {isa = PBXFileReference; explicitFileType = wrapper.cfbundle; includeInIndex = 0; path = BindingsHandsOnTests.xctest; sourceTree = BUILT_PRODUCTS_DIR; };
		6F04E3D91A1CA53D00C6C08B /* Info.plist */ = {isa = PBXFileReference; lastKnownFileType = text.plist.xml; path = Info.plist; sourceTree = "<group>"; };
		6F04E3DA1A1CA53D00C6C08B /* BindingsHandsOnTests.m */ = {isa = PBXFileReference; lastKnownFileType = sourcecode.c.objc; path = BindingsHandsOnTests.m; sourceTree = "<group>"; };
/* End PBXFileReference section */

/* Begin PBXFrameworksBuildPhase section */
		6F04E3B81A1CA53C00C6C08B /* Frameworks */ = {
			isa = PBXFrameworksBuildPhase;
			buildActionMask = 2147483647;
			files = (
			);
			runOnlyForDeploymentPostprocessing = 0;
		};
		6F04E3D11A1CA53C00C6C08B /* Frameworks */ = {
			isa = PBXFrameworksBuildPhase;
			buildActionMask = 2147483647;
			files = (
			);
			runOnlyForDeploymentPostprocessing = 0;
		};
/* End PBXFrameworksBuildPhase section */

/* Begin PBXGroup section */
		6F04E3B21A1CA53C00C6C08B = {
			isa = PBXGroup;
			children = (
				6F04E3BD1A1CA53C00C6C08B /* BindingsHandsOn */,
				6F04E3D71A1CA53D00C6C08B /* BindingsHandsOnTests */,
				6F04E3BC1A1CA53C00C6C08B /* Products */,
			);
			sourceTree = "<group>";
		};
		6F04E3BC1A1CA53C00C6C08B /* Products */ = {
			isa = PBXGroup;
			children = (
				6F04E3BB1A1CA53C00C6C08B /* BindingsHandsOn.app */,
				6F04E3D41A1CA53C00C6C08B /* BindingsHandsOnTests.xctest */,
			);
			name = Products;
			sourceTree = "<group>";
		};
		6F04E3BD1A1CA53C00C6C08B /* BindingsHandsOn */ = {
			isa = PBXGroup;
			children = (
				6F04E3C21A1CA53C00C6C08B /* AppDelegate.h */,
				6F04E3C31A1CA53C00C6C08B /* AppDelegate.m */,
				6F04E3C51A1CA53C00C6C08B /* ViewController.h */,
				6F04E3C61A1CA53C00C6C08B /* ViewController.m */,
				6F04E3C81A1CA53C00C6C08B /* Main.storyboard */,
				6F04E3CB1A1CA53C00C6C08B /* Images.xcassets */,
				6F04E3CD1A1CA53C00C6C08B /* LaunchScreen.xib */,
				6F04E3BE1A1CA53C00C6C08B /* Supporting Files */,
			);
			path = BindingsHandsOn;
			sourceTree = "<group>";
		};
		6F04E3BE1A1CA53C00C6C08B /* Supporting Files */ = {
			isa = PBXGroup;
			children = (
				6F04E3BF1A1CA53C00C6C08B /* Info.plist */,
				6F04E3C01A1CA53C00C6C08B /* main.m */,
			);
			name = "Supporting Files";
			sourceTree = "<group>";
		};
		6F04E3D71A1CA53D00C6C08B /* BindingsHandsOnTests */ = {
			isa = PBXGroup;
			children = (
				6F04E3DA1A1CA53D00C6C08B /* BindingsHandsOnTests.m */,
				6F04E3D81A1CA53D00C6C08B /* Supporting Files */,
			);
			path = BindingsHandsOnTests;
			sourceTree = "<group>";
		};
		6F04E3D81A1CA53D00C6C08B /* Supporting Files */ = {
			isa = PBXGroup;
			children = (
				6F04E3D91A1CA53D00C6C08B /* Info.plist */,
			);
			name = "Supporting Files";
			sourceTree = "<group>";
		};
/* End PBXGroup section */

/* Begin PBXNativeTarget section */
		6F04E3BA1A1CA53C00C6C08B /* BindingsHandsOn */ = {
			isa = PBXNativeTarget;
			buildConfigurationList = 6F04E3DE1A1CA53D00C6C08B /* Build configuration list for PBXNativeTarget "BindingsHandsOn" */;
			buildPhases = (
				6F04E3B71A1CA53C00C6C08B /* Sources */,
				6F04E3B81A1CA53C00C6C08B /* Frameworks */,
				6F04E3B91A1CA53C00C6C08B /* Resources */,
			);
			buildRules = (
			);
			dependencies = (
			);
			name = BindingsHandsOn;
			productName = BindingsHandsOn;
			productReference = 6F04E3BB1A1CA53C00C6C08B /* BindingsHandsOn.app */;
			productType = "com.apple.product-type.application";
		};
		6F04E3D31A1CA53C00C6C08B /* BindingsHandsOnTests */ = {
			isa = PBXNativeTarget;
			buildConfigurationList = 6F04E3E11A1CA53D00C6C08B /* Build configuration list for PBXNativeTarget "BindingsHandsOnTests" */;
			buildPhases = (
				6F04E3D01A1CA53C00C6C08B /* Sources */,
				6F04E3D11A1CA53C00C6C08B /* Frameworks */,
				6F04E3D21A1CA53C00C6C08B /* Resources */,
			);
			buildRules = (
			);
			dependencies = (
				6F04E3D61A1CA53C00C6C08B /* PBXTargetDependency */,
			);
			name = BindingsHandsOnTests;
			productName = BindingsHandsOnTests;
			productReference = 6F04E3D41A1CA53C00C6C08B /* BindingsHandsOnTests.xctest */;
			productType = "com.apple.product-type.bundle.unit-test";
		};
/* End PBXNativeTarget section */

/* Begin PBXProject section */
		6F04E3B31A1CA53C00C6C08B /* Project object */ = {
			isa = PBXProject;
			attributes = {
				LastUpgradeCheck = 0610;
				ORGANIZATIONNAME = "Samuel Défago";
				TargetAttributes = {
					6F04E3BA1A1CA53C00C6C08B = {
						CreatedOnToolsVersion = 6.1;
					};
					6F04E3D31A1CA53C00C6C08B = {
						CreatedOnToolsVersion = 6.1;
						TestTargetID = 6F04E3BA1A1CA53C00C6C08B;
					};
				};
			};
			buildConfigurationList = 6F04E3B61A1CA53C00C6C08B /* Build configuration list for PBXProject "BindingsHandsOn" */;
			compatibilityVersion = "Xcode 3.2";
			developmentRegion = English;
			hasScannedForEncodings = 0;
			knownRegions = (
				en,
				Base,
			);
			mainGroup = 6F04E3B21A1CA53C00C6C08B;
			productRefGroup = 6F04E3BC1A1CA53C00C6C08B /* Products */;
			projectDirPath = "";
			projectRoot = "";
			targets = (
				6F04E3BA1A1CA53C00C6C08B /* BindingsHandsOn */,
				6F04E3D31A1CA53C00C6C08B /* BindingsHandsOnTests */,
			);
		};
/* End PBXProject section */

/* Begin PBXResourcesBuildPhase section */
		6F04E3B91A1CA53C00C6C08B /* Resources */ = {
			isa = PBXResourcesBuildPhase;
			buildActionMask = 2147483647;
			files = (
				6F04E3CA1A1CA53C00C6C08B /* Main.storyboard in Resources */,
				6F04E3CF1A1CA53C00C6C08B /* LaunchScreen.xib in Resources */,
				6F04E3CC1A1CA53C00C6C08B /* Images.xcassets in Resources */,
			);
			runOnlyForDeploymentPostprocessing = 0;
		};
		6F04E3D21A1CA53C00C6C08B /* Resources */ = {
			isa = PBXResourcesBuildPhase;
			buildActionMask = 2147483647;
			files = (
			);
			runOnlyForDeploymentPostprocessing = 0;
		};
/* End PBXResourcesBuildPhase section */

/* Begin PBXSourcesBuildPhase section */
		6F04E3B71A1CA53C00C6C08B /* Sources */ = {
			isa = PBXSourcesBuildPhase;
			buildActionMask = 2147483647;
			files = (
				6F04E3C71A1CA53C00C6C08B /* ViewController.m in Sources */,
				6F04E3C41A1CA53C00C6C08B /* AppDelegate.m in Sources */,
				6F04E3C11A1CA53C00C6C08B /* main.m in Sources */,
			);
			runOnlyForDeploymentPostprocessing = 0;
		};
		6F04E3D01A1CA53C00C6C08B /* Sources */ = {
			isa = PBXSourcesBuildPhase;
			buildActionMask = 2147483647;
			files = (
				6F04E3DB1A1CA53D00C6C08B /* BindingsHandsOnTests.m in Sources */,
			);
			runOnlyForDeploymentPostprocessing = 0;
		};
/* End PBXSourcesBuildPhase section */

/* Begin PBXTargetDependency section */
		6F04E3D61A1CA53C00C6C08B /* PBXTargetDependency */ = {
			isa = PBXTargetDependency;
			target = 6F04E3BA1A1CA53C00C6C08B /* BindingsHandsOn */;
			targetProxy = 6F04E3D51A1CA53C00C6C08B /* PBXContainerItemProxy */;
		};
/* End PBXTargetDependency section */

/* Begin PBXVariantGroup section */
		6F04E3C81A1CA53C00C6C08B /* Main.storyboard */ = {
			isa = PBXVariantGroup;
			children = (
				6F04E3C91A1CA53C00C6C08B /* Base */,
			);
			name = Main.storyboard;
			sourceTree = "<group>";
		};
		6F04E3CD1A1CA53C00C6C08B /* LaunchScreen.xib */ = {
			isa = PBXVariantGroup;
			children = (
				6F04E3CE1A1CA53C00C6C08B /* Base */,
			);
			name = LaunchScreen.xib;
			sourceTree = "<group>";
		};
/* End PBXVariantGroup section */

/* Begin XCBuildConfiguration section */
		6F04E3DC1A1CA53D00C6C08B /* Debug */ = {
			isa = XCBuildConfiguration;
			buildSettings = {
				ALWAYS_SEARCH_USER_PATHS = NO;
				CLANG_CXX_LANGUAGE_STANDARD = "gnu++0x";
				CLANG_CXX_LIBRARY = "libc++";
				CLANG_ENABLE_MODULES = YES;
				CLANG_ENABLE_OBJC_ARC = YES;
				CLANG_WARN_BOOL_CONVERSION = YES;
				CLANG_WARN_CONSTANT_CONVERSION = YES;
				CLANG_WARN_DIRECT_OBJC_ISA_USAGE = YES_ERROR;
				CLANG_WARN_EMPTY_BODY = YES;
				CLANG_WARN_ENUM_CONVERSION = YES;
				CLANG_WARN_INT_CONVERSION = YES;
				CLANG_WARN_OBJC_ROOT_CLASS = YES_ERROR;
				CLANG_WARN_UNREACHABLE_CODE = YES;
				CLANG_WARN__DUPLICATE_METHOD_MATCH = YES;
				"CODE_SIGN_IDENTITY[sdk=iphoneos*]" = "iPhone Developer";
				COPY_PHASE_STRIP = NO;
				ENABLE_STRICT_OBJC_MSGSEND = YES;
				GCC_C_LANGUAGE_STANDARD = gnu99;
				GCC_DYNAMIC_NO_PIC = NO;
				GCC_OPTIMIZATION_LEVEL = 0;
				GCC_PREPROCESSOR_DEFINITIONS = (
					"DEBUG=1",
					"$(inherited)",
				);
				GCC_SYMBOLS_PRIVATE_EXTERN = NO;
				GCC_WARN_64_TO_32_BIT_CONVERSION = YES;
				GCC_WARN_ABOUT_RETURN_TYPE = YES_ERROR;
				GCC_WARN_UNDECLARED_SELECTOR = YES;
				GCC_WARN_UNINITIALIZED_AUTOS = YES_AGGRESSIVE;
				GCC_WARN_UNUSED_FUNCTION = YES;
				GCC_WARN_UNUSED_VARIABLE = YES;
				IPHONEOS_DEPLOYMENT_TARGET = 8.1;
				MTL_ENABLE_DEBUG_INFO = YES;
				ONLY_ACTIVE_ARCH = YES;
				SDKROOT = iphoneos;
				TARGETED_DEVICE_FAMILY = "1,2";
			};
			name = Debug;
		};
		6F04E3DD1A1CA53D00C6C08B /* Release */ = {
			isa = XCBuildConfiguration;
			buildSettings = {
				ALWAYS_SEARCH_USER_PATHS = NO;
				CLANG_CXX_LANGUAGE_STANDARD = "gnu++0x";
				CLANG_CXX_LIBRARY = "libc++";
				CLANG_ENABLE_MODULES = YES;
				CLANG_ENABLE_OBJC_ARC = YES;
				CLANG_WARN_BOOL_CONVERSION = YES;
				CLANG_WARN_CONSTANT_CONVERSION = YES;
				CLANG_WARN_DIRECT_OBJC_ISA_USAGE = YES_ERROR;
				CLANG_WARN_EMPTY_BODY = YES;
				CLANG_WARN_ENUM_CONVERSION = YES;
				CLANG_WARN_INT_CONVERSION = YES;
				CLANG_WARN_OBJC_ROOT_CLASS = YES_ERROR;
				CLANG_WARN_UNREACHABLE_CODE = YES;
				CLANG_WARN__DUPLICATE_METHOD_MATCH = YES;
				"CODE_SIGN_IDENTITY[sdk=iphoneos*]" = "iPhone Developer";
				COPY_PHASE_STRIP = YES;
				ENABLE_NS_ASSERTIONS = NO;
				ENABLE_STRICT_OBJC_MSGSEND = YES;
				GCC_C_LANGUAGE_STANDARD = gnu99;
				GCC_WARN_64_TO_32_BIT_CONVERSION = YES;
				GCC_WARN_ABOUT_RETURN_TYPE = YES_ERROR;
				GCC_WARN_UNDECLARED_SELECTOR = YES;
				GCC_WARN_UNINITIALIZED_AUTOS = YES_AGGRESSIVE;
				GCC_WARN_UNUSED_FUNCTION = YES;
				GCC_WARN_UNUSED_VARIABLE = YES;
				IPHONEOS_DEPLOYMENT_TARGET = 8.1;
				MTL_ENABLE_DEBUG_INFO = NO;
				SDKROOT = iphoneos;
				TARGETED_DEVICE_FAMILY = "1,2";
				VALIDATE_PRODUCT = YES;
			};
			name = Release;
		};
		6F04E3DF1A1CA53D00C6C08B /* Debug */ = {
			isa = XCBuildConfiguration;
			buildSettings = {
				ASSETCATALOG_COMPILER_APPICON_NAME = AppIcon;
				INFOPLIST_FILE = BindingsHandsOn/Info.plist;
				LD_RUNPATH_SEARCH_PATHS = "$(inherited) @executable_path/Frameworks";
				PRODUCT_NAME = "$(TARGET_NAME)";
			};
			name = Debug;
		};
		6F04E3E01A1CA53D00C6C08B /* Release */ = {
			isa = XCBuildConfiguration;
			buildSettings = {
				ASSETCATALOG_COMPILER_APPICON_NAME = AppIcon;
				INFOPLIST_FILE = BindingsHandsOn/Info.plist;
				LD_RUNPATH_SEARCH_PATHS = "$(inherited) @executable_path/Frameworks";
				PRODUCT_NAME = "$(TARGET_NAME)";
			};
			name = Release;
		};
		6F04E3E21A1CA53D00C6C08B /* Debug */ = {
			isa = XCBuildConfiguration;
			buildSettings = {
				BUNDLE_LOADER = "$(TEST_HOST)";
				FRAMEWORK_SEARCH_PATHS = (
					"$(SDKROOT)/Developer/Library/Frameworks",
					"$(inherited)",
				);
				GCC_PREPROCESSOR_DEFINITIONS = (
					"DEBUG=1",
					"$(inherited)",
				);
				INFOPLIST_FILE = BindingsHandsOnTests/Info.plist;
				LD_RUNPATH_SEARCH_PATHS = "$(inherited) @executable_path/Frameworks @loader_path/Frameworks";
				PRODUCT_NAME = "$(TARGET_NAME)";
				TEST_HOST = "$(BUILT_PRODUCTS_DIR)/BindingsHandsOn.app/BindingsHandsOn";
			};
			name = Debug;
		};
		6F04E3E31A1CA53D00C6C08B /* Release */ = {
			isa = XCBuildConfiguration;
			buildSettings = {
				BUNDLE_LOADER = "$(TEST_HOST)";
				FRAMEWORK_SEARCH_PATHS = (
					"$(SDKROOT)/Developer/Library/Frameworks",
					"$(inherited)",
				);
				INFOPLIST_FILE = BindingsHandsOnTests/Info.plist;
				LD_RUNPATH_SEARCH_PATHS = "$(inherited) @executable_path/Frameworks @loader_path/Frameworks";
				PRODUCT_NAME = "$(TARGET_NAME)";
				TEST_HOST = "$(BUILT_PRODUCTS_DIR)/BindingsHandsOn.app/BindingsHandsOn";
			};
			name = Release;
		};
/* End XCBuildConfiguration section */

/* Begin XCConfigurationList section */
		6F04E3B61A1CA53C00C6C08B /* Build configuration list for PBXProject "BindingsHandsOn" */ = {
			isa = XCConfigurationList;
			buildConfigurations = (
				6F04E3DC1A1CA53D00C6C08B /* Debug */,
				6F04E3DD1A1CA53D00C6C08B /* Release */,
			);
			defaultConfigurationIsVisible = 0;
			defaultConfigurationName = Release;
		};
		6F04E3DE1A1CA53D00C6C08B /* Build configuration list for PBXNativeTarget "BindingsHandsOn" */ = {
			isa = XCConfigurationList;
			buildConfigurations = (
				6F04E3DF1A1CA53D00C6C08B /* Debug */,
				6F04E3E01A1CA53D00C6C08B /* Release */,
			);
			defaultConfigurationIsVisible = 0;
		};
		6F04E3E11A1CA53D00C6C08B /* Build configuration list for PBXNativeTarget "BindingsHandsOnTests" */ = {
			isa = XCConfigurationList;
			buildConfigurations = (
				6F04E3E21A1CA53D00C6C08B /* Debug */,
				6F04E3E31A1CA53D00C6C08B /* Release */,
			);
			defaultConfigurationIsVisible = 0;
		};
/* End XCConfigurationList section */
	};
	rootObject = 6F04E3B31A1CA53C00C6C08B /* Project object */;
}
