// !$*UTF8*$!
{
	archiveVersion = 1;
	classes = {
	};
	objectVersion = 46;
	objects = {

/* Begin PBXBuildFile section */
		5687FB01D09195CE18FC9386 /* libPods.a in Frameworks */ = {isa = PBXBuildFile; fileRef = C1D4D577BF611D77A1989CCC /* libPods.a */; };
		6F01D7831A1CB294003875B3 /* EmployeesViewController.m in Sources */ = {isa = PBXBuildFile; fileRef = 6F01D7821A1CB294003875B3 /* EmployeesViewController.m */; };
		6F04E3C11A1CA53C00C6C08B /* main.m in Sources */ = {isa = PBXBuildFile; fileRef = 6F04E3C01A1CA53C00C6C08B /* main.m */; };
		6F04E3C41A1CA53C00C6C08B /* AppDelegate.m in Sources */ = {isa = PBXBuildFile; fileRef = 6F04E3C31A1CA53C00C6C08B /* AppDelegate.m */; };
		6F04E3CA1A1CA53C00C6C08B /* Main.storyboard in Resources */ = {isa = PBXBuildFile; fileRef = 6F04E3C81A1CA53C00C6C08B /* Main.storyboard */; };
		6F04E3CC1A1CA53C00C6C08B /* Images.xcassets in Resources */ = {isa = PBXBuildFile; fileRef = 6F04E3CB1A1CA53C00C6C08B /* Images.xcassets */; };
		6F04E3CF1A1CA53C00C6C08B /* LaunchScreen.xib in Resources */ = {isa = PBXBuildFile; fileRef = 6F04E3CD1A1CA53C00C6C08B /* LaunchScreen.xib */; };
		6F04E3E91A1CA7AE00C6C08B /* Employee.m in Sources */ = {isa = PBXBuildFile; fileRef = 6F04E3E81A1CA7AE00C6C08B /* Employee.m */; };
		6F7913C71A24CC5600F71E0F /* EmployeeTableViewCell.m in Sources */ = {isa = PBXBuildFile; fileRef = 6F7913C61A24CC5600F71E0F /* EmployeeTableViewCell.m */; };
		6F80E6A91A1CAB8A00172742 /* EmployeeEditViewController.m in Sources */ = {isa = PBXBuildFile; fileRef = 6F80E6A81A1CAB8A00172742 /* EmployeeEditViewController.m */; };
/* End PBXBuildFile section */

/* Begin PBXFileReference section */
		28EB2F67AA360AD58353E974 /* Pods.debug.xcconfig */ = {isa = PBXFileReference; includeInIndex = 1; lastKnownFileType = text.xcconfig; name = Pods.debug.xcconfig; path = "Pods/Target Support Files/Pods/Pods.debug.xcconfig"; sourceTree = "<group>"; };
		6F01D7811A1CB294003875B3 /* EmployeesViewController.h */ = {isa = PBXFileReference; fileEncoding = 4; lastKnownFileType = sourcecode.c.h; path = EmployeesViewController.h; sourceTree = "<group>"; };
		6F01D7821A1CB294003875B3 /* EmployeesViewController.m */ = {isa = PBXFileReference; fileEncoding = 4; lastKnownFileType = sourcecode.c.objc; path = EmployeesViewController.m; sourceTree = "<group>"; };
		6F04E3BB1A1CA53C00C6C08B /* BindingsHandsOn.app */ = {isa = PBXFileReference; explicitFileType = wrapper.application; includeInIndex = 0; path = BindingsHandsOn.app; sourceTree = BUILT_PRODUCTS_DIR; };
		6F04E3BF1A1CA53C00C6C08B /* Info.plist */ = {isa = PBXFileReference; lastKnownFileType = text.plist.xml; path = Info.plist; sourceTree = "<group>"; };
		6F04E3C01A1CA53C00C6C08B /* main.m */ = {isa = PBXFileReference; lastKnownFileType = sourcecode.c.objc; path = main.m; sourceTree = "<group>"; };
		6F04E3C21A1CA53C00C6C08B /* AppDelegate.h */ = {isa = PBXFileReference; lastKnownFileType = sourcecode.c.h; path = AppDelegate.h; sourceTree = "<group>"; };
		6F04E3C31A1CA53C00C6C08B /* AppDelegate.m */ = {isa = PBXFileReference; lastKnownFileType = sourcecode.c.objc; path = AppDelegate.m; sourceTree = "<group>"; };
		6F04E3C91A1CA53C00C6C08B /* Base */ = {isa = PBXFileReference; lastKnownFileType = file.storyboard; name = Base; path = Base.lproj/Main.storyboard; sourceTree = "<group>"; };
		6F04E3CB1A1CA53C00C6C08B /* Images.xcassets */ = {isa = PBXFileReference; lastKnownFileType = folder.assetcatalog; path = Images.xcassets; sourceTree = "<group>"; };
		6F04E3CE1A1CA53C00C6C08B /* Base */ = {isa = PBXFileReference; lastKnownFileType = file.xib; name = Base; path = Base.lproj/LaunchScreen.xib; sourceTree = "<group>"; };
		6F04E3D91A1CA53D00C6C08B /* Info.plist */ = {isa = PBXFileReference; lastKnownFileType = text.plist.xml; path = Info.plist; sourceTree = "<group>"; };
		6F04E3DA1A1CA53D00C6C08B /* BindingsHandsOnTests.m */ = {isa = PBXFileReference; lastKnownFileType = sourcecode.c.objc; path = BindingsHandsOnTests.m; sourceTree = "<group>"; };
		6F04E3E71A1CA7AE00C6C08B /* Employee.h */ = {isa = PBXFileReference; fileEncoding = 4; lastKnownFileType = sourcecode.c.h; path = Employee.h; sourceTree = "<group>"; };
		6F04E3E81A1CA7AE00C6C08B /* Employee.m */ = {isa = PBXFileReference; fileEncoding = 4; lastKnownFileType = sourcecode.c.objc; path = Employee.m; sourceTree = "<group>"; };
		6F7913C51A24CC5600F71E0F /* EmployeeTableViewCell.h */ = {isa = PBXFileReference; fileEncoding = 4; lastKnownFileType = sourcecode.c.h; path = EmployeeTableViewCell.h; sourceTree = "<group>"; };
		6F7913C61A24CC5600F71E0F /* EmployeeTableViewCell.m */ = {isa = PBXFileReference; fileEncoding = 4; lastKnownFileType = sourcecode.c.objc; path = EmployeeTableViewCell.m; sourceTree = "<group>"; };
		6F80E6A71A1CAB8A00172742 /* EmployeeEditViewController.h */ = {isa = PBXFileReference; fileEncoding = 4; lastKnownFileType = sourcecode.c.h; path = EmployeeEditViewController.h; sourceTree = "<group>"; };
		6F80E6A81A1CAB8A00172742 /* EmployeeEditViewController.m */ = {isa = PBXFileReference; fileEncoding = 4; lastKnownFileType = sourcecode.c.objc; path = EmployeeEditViewController.m; sourceTree = "<group>"; };
		AAFD9215A529683C3376AEAB /* Pods.release.xcconfig */ = {isa = PBXFileReference; includeInIndex = 1; lastKnownFileType = text.xcconfig; name = Pods.release.xcconfig; path = "Pods/Target Support Files/Pods/Pods.release.xcconfig"; sourceTree = "<group>"; };
		C1D4D577BF611D77A1989CCC /* libPods.a */ = {isa = PBXFileReference; explicitFileType = archive.ar; includeInIndex = 0; path = libPods.a; sourceTree = BUILT_PRODUCTS_DIR; };
/* End PBXFileReference section */

/* Begin PBXFrameworksBuildPhase section */
		6F04E3B81A1CA53C00C6C08B /* Frameworks */ = {
			isa = PBXFrameworksBuildPhase;
			buildActionMask = 2147483647;
			files = (
				5687FB01D09195CE18FC9386 /* libPods.a in Frameworks */,
			);
			runOnlyForDeploymentPostprocessing = 0;
		};
/* End PBXFrameworksBuildPhase section */

/* Begin PBXGroup section */
		6F04E3B21A1CA53C00C6C08B = {
			isa = PBXGroup;
			children = (
				6F04E3BD1A1CA53C00C6C08B /* BindingsHandsOn */,
				6F04E3D71A1CA53D00C6C08B /* BindingsHandsOnTests */,
				6F04E3BC1A1CA53C00C6C08B /* Products */,
				D0B68EE1C128B683E8998FCF /* Pods */,
				B93BF4BDD6EBF8C29DFFF9C8 /* Frameworks */,
			);
			sourceTree = "<group>";
		};
		6F04E3BC1A1CA53C00C6C08B /* Products */ = {
			isa = PBXGroup;
			children = (
				6F04E3BB1A1CA53C00C6C08B /* BindingsHandsOn.app */,
			);
			name = Products;
			sourceTree = "<group>";
		};
		6F04E3BD1A1CA53C00C6C08B /* BindingsHandsOn */ = {
			isa = PBXGroup;
			children = (
				6F04E3C21A1CA53C00C6C08B /* AppDelegate.h */,
				6F04E3C31A1CA53C00C6C08B /* AppDelegate.m */,
				6F04E3C81A1CA53C00C6C08B /* Main.storyboard */,
				6F04E3CB1A1CA53C00C6C08B /* Images.xcassets */,
				6F04E3CD1A1CA53C00C6C08B /* LaunchScreen.xib */,
				6F04E3BE1A1CA53C00C6C08B /* Supporting Files */,
				6F04E3E71A1CA7AE00C6C08B /* Employee.h */,
				6F04E3E81A1CA7AE00C6C08B /* Employee.m */,
				6F80E6A71A1CAB8A00172742 /* EmployeeEditViewController.h */,
				6F80E6A81A1CAB8A00172742 /* EmployeeEditViewController.m */,
				6F01D7811A1CB294003875B3 /* EmployeesViewController.h */,
				6F01D7821A1CB294003875B3 /* EmployeesViewController.m */,
				6F7913C51A24CC5600F71E0F /* EmployeeTableViewCell.h */,
				6F7913C61A24CC5600F71E0F /* EmployeeTableViewCell.m */,
			);
			path = BindingsHandsOn;
			sourceTree = "<group>";
		};
		6F04E3BE1A1CA53C00C6C08B /* Supporting Files */ = {
			isa = PBXGroup;
			children = (
				6F04E3BF1A1CA53C00C6C08B /* Info.plist */,
				6F04E3C01A1CA53C00C6C08B /* main.m */,
			);
			name = "Supporting Files";
			sourceTree = "<group>";
		};
		6F04E3D71A1CA53D00C6C08B /* BindingsHandsOnTests */ = {
			isa = PBXGroup;
			children = (
				6F04E3DA1A1CA53D00C6C08B /* BindingsHandsOnTests.m */,
				6F04E3D81A1CA53D00C6C08B /* Supporting Files */,
			);
			path = BindingsHandsOnTests;
			sourceTree = "<group>";
		};
		6F04E3D81A1CA53D00C6C08B /* Supporting Files */ = {
			isa = PBXGroup;
			children = (
				6F04E3D91A1CA53D00C6C08B /* Info.plist */,
			);
			name = "Supporting Files";
			sourceTree = "<group>";
		};
		B93BF4BDD6EBF8C29DFFF9C8 /* Frameworks */ = {
			isa = PBXGroup;
			children = (
				C1D4D577BF611D77A1989CCC /* libPods.a */,
			);
			name = Frameworks;
			sourceTree = "<group>";
		};
		D0B68EE1C128B683E8998FCF /* Pods */ = {
			isa = PBXGroup;
			children = (
				28EB2F67AA360AD58353E974 /* Pods.debug.xcconfig */,
				AAFD9215A529683C3376AEAB /* Pods.release.xcconfig */,
			);
			name = Pods;
			sourceTree = "<group>";
		};
/* End PBXGroup section */

/* Begin PBXNativeTarget section */
		6F04E3BA1A1CA53C00C6C08B /* BindingsHandsOn */ = {
			isa = PBXNativeTarget;
			buildConfigurationList = 6F04E3DE1A1CA53D00C6C08B /* Build configuration list for PBXNativeTarget "BindingsHandsOn" */;
			buildPhases = (
				4E51B342A31886FC238D366E /* Check Pods Manifest.lock */,
				6F04E3B71A1CA53C00C6C08B /* Sources */,
				6F04E3B81A1CA53C00C6C08B /* Frameworks */,
				6F04E3B91A1CA53C00C6C08B /* Resources */,
				3F6B564C991713F80DD35F71 /* Copy Pods Resources */,
			);
			buildRules = (
			);
			dependencies = (
			);
			name = BindingsHandsOn;
			productName = BindingsHandsOn;
			productReference = 6F04E3BB1A1CA53C00C6C08B /* BindingsHandsOn.app */;
			productType = "com.apple.product-type.application";
		};
/* End PBXNativeTarget section */

/* Begin PBXProject section */
		6F04E3B31A1CA53C00C6C08B /* Project object */ = {
			isa = PBXProject;
			attributes = {
				LastUpgradeCheck = 0610;
				ORGANIZATIONNAME = "Samuel Défago";
				TargetAttributes = {
					6F04E3BA1A1CA53C00C6C08B = {
						CreatedOnToolsVersion = 6.1;
					};
				};
			};
			buildConfigurationList = 6F04E3B61A1CA53C00C6C08B /* Build configuration list for PBXProject "BindingsHandsOn" */;
			compatibilityVersion = "Xcode 3.2";
			developmentRegion = English;
			hasScannedForEncodings = 0;
			knownRegions = (
				en,
				Base,
			);
			mainGroup = 6F04E3B21A1CA53C00C6C08B;
			productRefGroup = 6F04E3BC1A1CA53C00C6C08B /* Products */;
			projectDirPath = "";
			projectRoot = "";
			targets = (
				6F04E3BA1A1CA53C00C6C08B /* BindingsHandsOn */,
			);
		};
/* End PBXProject section */

/* Begin PBXResourcesBuildPhase section */
		6F04E3B91A1CA53C00C6C08B /* Resources */ = {
			isa = PBXResourcesBuildPhase;
			buildActionMask = 2147483647;
			files = (
				6F04E3CA1A1CA53C00C6C08B /* Main.storyboard in Resources */,
				6F04E3CF1A1CA53C00C6C08B /* LaunchScreen.xib in Resources */,
				6F04E3CC1A1CA53C00C6C08B /* Images.xcassets in Resources */,
			);
			runOnlyForDeploymentPostprocessing = 0;
		};
/* End PBXResourcesBuildPhase section */

/* Begin PBXShellScriptBuildPhase section */
		3F6B564C991713F80DD35F71 /* Copy Pods Resources */ = {
			isa = PBXShellScriptBuildPhase;
			buildActionMask = 2147483647;
			files = (
			);
			inputPaths = (
			);
			name = "Copy Pods Resources";
			outputPaths = (
			);
			runOnlyForDeploymentPostprocessing = 0;
			shellPath = /bin/sh;
			shellScript = "\"${SRCROOT}/Pods/Target Support Files/Pods/Pods-resources.sh\"\n";
			showEnvVarsInLog = 0;
		};
		4E51B342A31886FC238D366E /* Check Pods Manifest.lock */ = {
			isa = PBXShellScriptBuildPhase;
			buildActionMask = 2147483647;
			files = (
			);
			inputPaths = (
			);
			name = "Check Pods Manifest.lock";
			outputPaths = (
			);
			runOnlyForDeploymentPostprocessing = 0;
			shellPath = /bin/sh;
			shellScript = "diff \"${PODS_ROOT}/../Podfile.lock\" \"${PODS_ROOT}/Manifest.lock\" > /dev/null\nif [[ $? != 0 ]] ; then\n    cat << EOM\nerror: The sandbox is not in sync with the Podfile.lock. Run 'pod install' or update your CocoaPods installation.\nEOM\n    exit 1\nfi\n";
			showEnvVarsInLog = 0;
		};
/* End PBXShellScriptBuildPhase section */

/* Begin PBXSourcesBuildPhase section */
		6F04E3B71A1CA53C00C6C08B /* Sources */ = {
			isa = PBXSourcesBuildPhase;
			buildActionMask = 2147483647;
			files = (
				6F04E3E91A1CA7AE00C6C08B /* Employee.m in Sources */,
				6F7913C71A24CC5600F71E0F /* EmployeeTableViewCell.m in Sources */,
				6F04E3C41A1CA53C00C6C08B /* AppDelegate.m in Sources */,
				6F04E3C11A1CA53C00C6C08B /* main.m in Sources */,
				6F80E6A91A1CAB8A00172742 /* EmployeeEditViewController.m in Sources */,
				6F01D7831A1CB294003875B3 /* EmployeesViewController.m in Sources */,
			);
			runOnlyForDeploymentPostprocessing = 0;
		};
/* End PBXSourcesBuildPhase section */

/* Begin PBXVariantGroup section */
		6F04E3C81A1CA53C00C6C08B /* Main.storyboard */ = {
			isa = PBXVariantGroup;
			children = (
				6F04E3C91A1CA53C00C6C08B /* Base */,
			);
			name = Main.storyboard;
			sourceTree = "<group>";
		};
		6F04E3CD1A1CA53C00C6C08B /* LaunchScreen.xib */ = {
			isa = PBXVariantGroup;
			children = (
				6F04E3CE1A1CA53C00C6C08B /* Base */,
			);
			name = LaunchScreen.xib;
			sourceTree = "<group>";
		};
/* End PBXVariantGroup section */

/* Begin XCBuildConfiguration section */
		6F04E3DC1A1CA53D00C6C08B /* Debug */ = {
			isa = XCBuildConfiguration;
			buildSettings = {
				ALWAYS_SEARCH_USER_PATHS = NO;
				CLANG_CXX_LANGUAGE_STANDARD = "gnu++0x";
				CLANG_CXX_LIBRARY = "libc++";
				CLANG_ENABLE_MODULES = YES;
				CLANG_ENABLE_OBJC_ARC = YES;
				CLANG_WARN_BOOL_CONVERSION = YES;
				CLANG_WARN_CONSTANT_CONVERSION = YES;
				CLANG_WARN_DIRECT_OBJC_ISA_USAGE = YES_ERROR;
				CLANG_WARN_EMPTY_BODY = YES;
				CLANG_WARN_ENUM_CONVERSION = YES;
				CLANG_WARN_INT_CONVERSION = YES;
				CLANG_WARN_OBJC_ROOT_CLASS = YES_ERROR;
				CLANG_WARN_UNREACHABLE_CODE = YES;
				CLANG_WARN__DUPLICATE_METHOD_MATCH = YES;
				"CODE_SIGN_IDENTITY[sdk=iphoneos*]" = "iPhone Developer";
				COPY_PHASE_STRIP = NO;
				ENABLE_STRICT_OBJC_MSGSEND = YES;
				GCC_C_LANGUAGE_STANDARD = gnu99;
				GCC_DYNAMIC_NO_PIC = NO;
				GCC_OPTIMIZATION_LEVEL = 0;
				GCC_PREPROCESSOR_DEFINITIONS = (
					"DEBUG=1",
					"$(inherited)",
				);
				GCC_SYMBOLS_PRIVATE_EXTERN = NO;
				GCC_WARN_64_TO_32_BIT_CONVERSION = YES;
				GCC_WARN_ABOUT_RETURN_TYPE = YES_ERROR;
				GCC_WARN_UNDECLARED_SELECTOR = YES;
				GCC_WARN_UNINITIALIZED_AUTOS = YES_AGGRESSIVE;
				GCC_WARN_UNUSED_FUNCTION = YES;
				GCC_WARN_UNUSED_VARIABLE = YES;
				IPHONEOS_DEPLOYMENT_TARGET = 8.1;
				MTL_ENABLE_DEBUG_INFO = YES;
				ONLY_ACTIVE_ARCH = YES;
				SDKROOT = iphoneos;
				TARGETED_DEVICE_FAMILY = "1,2";
			};
			name = Debug;
		};
		6F04E3DD1A1CA53D00C6C08B /* Release */ = {
			isa = XCBuildConfiguration;
			buildSettings = {
				ALWAYS_SEARCH_USER_PATHS = NO;
				CLANG_CXX_LANGUAGE_STANDARD = "gnu++0x";
				CLANG_CXX_LIBRARY = "libc++";
				CLANG_ENABLE_MODULES = YES;
				CLANG_ENABLE_OBJC_ARC = YES;
				CLANG_WARN_BOOL_CONVERSION = YES;
				CLANG_WARN_CONSTANT_CONVERSION = YES;
				CLANG_WARN_DIRECT_OBJC_ISA_USAGE = YES_ERROR;
				CLANG_WARN_EMPTY_BODY = YES;
				CLANG_WARN_ENUM_CONVERSION = YES;
				CLANG_WARN_INT_CONVERSION = YES;
				CLANG_WARN_OBJC_ROOT_CLASS = YES_ERROR;
				CLANG_WARN_UNREACHABLE_CODE = YES;
				CLANG_WARN__DUPLICATE_METHOD_MATCH = YES;
				"CODE_SIGN_IDENTITY[sdk=iphoneos*]" = "iPhone Developer";
				COPY_PHASE_STRIP = YES;
				ENABLE_NS_ASSERTIONS = NO;
				ENABLE_STRICT_OBJC_MSGSEND = YES;
				GCC_C_LANGUAGE_STANDARD = gnu99;
				GCC_WARN_64_TO_32_BIT_CONVERSION = YES;
				GCC_WARN_ABOUT_RETURN_TYPE = YES_ERROR;
				GCC_WARN_UNDECLARED_SELECTOR = YES;
				GCC_WARN_UNINITIALIZED_AUTOS = YES_AGGRESSIVE;
				GCC_WARN_UNUSED_FUNCTION = YES;
				GCC_WARN_UNUSED_VARIABLE = YES;
				IPHONEOS_DEPLOYMENT_TARGET = 8.1;
				MTL_ENABLE_DEBUG_INFO = NO;
				SDKROOT = iphoneos;
				TARGETED_DEVICE_FAMILY = "1,2";
				VALIDATE_PRODUCT = YES;
			};
			name = Release;
		};
		6F04E3DF1A1CA53D00C6C08B /* Debug */ = {
			isa = XCBuildConfiguration;
			baseConfigurationReference = 28EB2F67AA360AD58353E974 /* Pods.debug.xcconfig */;
			buildSettings = {
				ASSETCATALOG_COMPILER_APPICON_NAME = AppIcon;
				INFOPLIST_FILE = BindingsHandsOn/Info.plist;
				LD_RUNPATH_SEARCH_PATHS = "$(inherited) @executable_path/Frameworks";
				PRODUCT_NAME = "$(TARGET_NAME)";
			};
			name = Debug;
		};
		6F04E3E01A1CA53D00C6C08B /* Release */ = {
			isa = XCBuildConfiguration;
			baseConfigurationReference = AAFD9215A529683C3376AEAB /* Pods.release.xcconfig */;
			buildSettings = {
				ASSETCATALOG_COMPILER_APPICON_NAME = AppIcon;
				INFOPLIST_FILE = BindingsHandsOn/Info.plist;
				LD_RUNPATH_SEARCH_PATHS = "$(inherited) @executable_path/Frameworks";
				PRODUCT_NAME = "$(TARGET_NAME)";
			};
			name = Release;
		};
/* End XCBuildConfiguration section */

/* Begin XCConfigurationList section */
		6F04E3B61A1CA53C00C6C08B /* Build configuration list for PBXProject "BindingsHandsOn" */ = {
			isa = XCConfigurationList;
			buildConfigurations = (
				6F04E3DC1A1CA53D00C6C08B /* Debug */,
				6F04E3DD1A1CA53D00C6C08B /* Release */,
			);
			defaultConfigurationIsVisible = 0;
			defaultConfigurationName = Release;
		};
		6F04E3DE1A1CA53D00C6C08B /* Build configuration list for PBXNativeTarget "BindingsHandsOn" */ = {
			isa = XCConfigurationList;
			buildConfigurations = (
				6F04E3DF1A1CA53D00C6C08B /* Debug */,
				6F04E3E01A1CA53D00C6C08B /* Release */,
			);
			defaultConfigurationIsVisible = 0;
			defaultConfigurationName = Release;
		};
/* End XCConfigurationList section */
	};
	rootObject = 6F04E3B31A1CA53C00C6C08B /* Project object */;
}
